# THIS IS AN AUTOGENERATED FILE. DO NOT EDIT THIS FILE DIRECTLY.
# yarn lockfile v1


directory-tree@^2.3.1:
  version "2.3.1"
  resolved "https://registry.yarnpkg.com/directory-tree/-/directory-tree-2.3.1.tgz#78b8aa84878eb84dd29a51dcd664ded4cd0247c7"
  integrity sha512-hxolIHCtQ/a56CUywaLzGD/V78zPwFihI+UK/4ZjOp7GoV4Mptmtv95yavOn/RlnTi7cCMjszvfcNrwCoWLH+Q==
